
Microsoft Visual Studio Solution File, Format Version 12.00
# Visual Studio Version 16
VisualStudioVersion = 16.0.34601.136
MinimumVisualStudioVersion = 10.0.40219.1
Project("{9A19103F-16F7-4668-BE54-9A1E7A4F7556}") = "Sala7ly", "Sala7ly\Sala7ly.csproj", "{CC51FC27-69E9-4650-8D73-5C8557DED4A8}"
EndProject
Project("{FAE04EC0-301F-11D3-BF4B-00C04F79EFBC}") = "Sala7ly.Core", "Sala7ly.core\Sala7ly.Core.csproj", "{A8F6A199-2A67-4870-83B2-913DE3959D5A}"
EndProject
Project("{FAE04EC0-301F-11D3-BF4B-00C04F79EFBC}") = "Sala7ly.EF", "Sala7ly.EF\Sala7ly.EF.csproj", "{34CA1F65-E167-40C1-9692-CCE3B815F412}"
EndProject
Global
	GlobalSection(SolutionConfigurationPlatforms) = preSolution
		Debug|Any CPU = Debug|Any CPU
		Release|Any CPU = Release|Any CPU
	EndGlobalSection
	GlobalSection(ProjectConfigurationPlatforms) = postSolution
		{CC51FC27-69E9-4650-8D73-5C8557DED4A8}.Debug|Any CPU.ActiveCfg = Debug|Any CPU
		{CC51FC27-69E9-4650-8D73-5C8557DED4A8}.Debug|Any CPU.Build.0 = Debug|Any CPU
		{CC51FC27-69E9-4650-8D73-5C8557DED4A8}.Release|Any CPU.ActiveCfg = Release|Any CPU
		{CC51FC27-69E9-4650-8D73-5C8557DED4A8}.Release|Any CPU.Build.0 = Release|Any CPU
		{A8F6A199-2A67-4870-83B2-913DE3959D5A}.Debug|Any CPU.ActiveCfg = Debug|Any CPU
		{A8F6A199-2A67-4870-83B2-913DE3959D5A}.Debug|Any CPU.Build.0 = Debug|Any CPU
		{A8F6A199-2A67-4870-83B2-913DE3959D5A}.Release|Any CPU.ActiveCfg = Release|Any CPU
		{A8F6A199-2A67-4870-83B2-913DE3959D5A}.Release|Any CPU.Build.0 = Release|Any CPU
		{34CA1F65-E167-40C1-9692-CCE3B815F412}.Debug|Any CPU.ActiveCfg = Debug|Any CPU
		{34CA1F65-E167-40C1-9692-CCE3B815F412}.Debug|Any CPU.Build.0 = Debug|Any CPU
		{34CA1F65-E167-40C1-9692-CCE3B815F412}.Release|Any CPU.ActiveCfg = Release|Any CPU
		{34CA1F65-E167-40C1-9692-CCE3B815F412}.Release|Any CPU.Build.0 = Release|Any CPU
	EndGlobalSection
	GlobalSection(SolutionProperties) = preSolution
		HideSolutionNode = FALSE
	EndGlobalSection
	GlobalSection(ExtensibilityGlobals) = postSolution
		SolutionGuid = {10C59B46-A1E7-4163-B0AE-FC6087FBB374}
	EndGlobalSection
EndGlobal
